<?xml version="1.0" encoding="utf-8"?>
<Project ToolsVersion="4.0" xmlns="http://schemas.microsoft.com/developer/msbuild/2003">
  <ItemGroup>
    <FxCompile Include="shaders\DiffuseShader.hlsl" />
    <FxCompile Include="shaders\VertexShader.hlsl" />
    <FxCompile Include="shaders\TexturedShader.hlsl" />
    <FxCompile Include="shaders\WaterShader.hlsl" />
    <FxCompile Include="shaders\WaterVS.hlsl" />
  </ItemGroup>
  <ItemGroup>
    <ClCompile Include="main.cpp" />
    <ClCompile Include="src\constants.cpp" />
    <ClCompile Include="src\Scripts\World\Generator.cpp" />
    <ClCompile Include="src\Scripts\World\World.cpp" />
    <ClCompile Include="src\pch.cpp" />
    <ClCompile Include="src\Scripts\Util\Util.cpp" />
  </ItemGroup>
  <ItemGroup>
    <ClInclude Include="src\Scripts.h" />
    <ClInclude Include="src\Scripts\CameraMoverScript.h" />
    <ClInclude Include="src\Scripts\ChunkGenerator.h" />
    <ClInclude Include="src\Scripts\InitSceneScript.h" />
    <ClInclude Include="src\Scripts\MsaaTestScript.h" />
    <ClInclude Include="src\Scripts\PreInitScript.h" />
    <ClInclude Include="src\Scripts\SampleScene.h" />
    <ClInclude Include="src\Scripts\Util\PerlinNoise.h" />
    <ClInclude Include="src\Scripts\Util\Tables.h" />
    <ClInclude Include="src\Scripts\World\Chunk.h" />
    <ClInclude Include="src\Scripts\World\FlatGenerator.h" />
    <ClInclude Include="src\Scripts\World\HeightMap.h" />
    <ClInclude Include="src\Scripts\World\StandartGenerator.h" />
    <ClInclude Include="src\Scripts\World\Voxel.h" />
    <ClInclude Include="src\Scripts\World\Voxels\Voxel.h" />
    <ClInclude Include="src\Scripts\World\Voxels\VoxelDarkGrass.h" />
    <ClInclude Include="src\Scripts\World\Voxels\VoxelDarkStone.h" />
    <ClInclude Include="src\Scripts\World\Voxels\VoxelData.h" />
    <ClInclude Include="src\Scripts\World\Voxels\VoxelDirt.h" />
    <ClInclude Include="src\Scripts\World\Voxels\VoxelGrass.h" />
    <ClInclude Include="src\Scripts\World\Voxels\VoxelSand.h" />
    <ClInclude Include="src\Scripts\World\Voxels\VoxelSnow.h" />
    <ClInclude Include="src\Scripts\World\Voxels\VoxelStone.h" />
    <ClInclude Include="src\Scripts\World\Voxels\VoxelVoid.h" />
    <ClInclude Include="src\Scripts\World\Voxels\VoxelWater.h" />
    <ClInclude Include="src\Scripts\World\World.h" />
    <ClInclude Include="src\Scripts\World\WorldGenerator.h" />
    <ClInclude Include="src\Scripts\World\WorldSeed.h" />
    <ClInclude Include="src\Scripts\UI\DebugText.h" />
    <ClInclude Include="src\pch.h" />
    <ClInclude Include="src\Scripts\Util\Util.h" />
    <ClInclude Include="src\Scenes\PhysicsTest.h" />
    <ClInclude Include="src\Scripts\Util\MeshGenerator.h" />
  </ItemGroup>
  <ItemGroup>
    <FxCompile Include="shaders\DiffuseShader.hlsl" />
    <FxCompile Include="shaders\VertexShader.hlsl" />
  </ItemGroup>
</Project>